
Microsoft Visual Studio Solution File, Format Version 12.00
# Visual Studio Version 17
VisualStudioVersion = 17.11.35431.28
MinimumVisualStudioVersion = 10.0.40219.1
Project("{FAE04EC0-301F-11D3-BF4B-00C04F79EFBC}") = "SOClockApp", "SOClockApp\SOClockApp.csproj", "{5C99BC6A-369B-42D8-AF12-6663234925E7}"
EndProject
Global
	GlobalSection(SolutionConfigurationPlatforms) = preSolution
		Debug|Any CPU = Debug|Any CPU
		Release|Any CPU = Release|Any CPU
	EndGlobalSection
	GlobalSection(ProjectConfigurationPlatforms) = postSolution
		{5C99BC6A-369B-42D8-AF12-6663234925E7}.Debug|Any CPU.ActiveCfg = Debug|Any CPU
		{5C99BC6A-369B-42D8-AF12-6663234925E7}.Debug|Any CPU.Build.0 = Debug|Any CPU
		{5C99BC6A-369B-42D8-AF12-6663234925E7}.Release|Any CPU.ActiveCfg = Release|Any CPU
		{5C99BC6A-369B-42D8-AF12-6663234925E7}.Release|Any CPU.Build.0 = Release|Any CPU
	EndGlobalSection
	GlobalSection(SolutionProperties) = preSolution
		HideSolutionNode = FALSE
	EndGlobalSection
	GlobalSection(ExtensibilityGlobals) = postSolution
		SolutionGuid = {B62A5A23-8D4E-4CD3-BD79-DA06B9A4BC9A}
	EndGlobalSection
EndGlobal
